
Microsoft Visual Studio Solution File, Format Version 12.00
# Visual Studio Version 17
VisualStudioVersion = 17.7.34221.43
MinimumVisualStudioVersion = 10.0.40219.1
Project("{FAE04EC0-301F-11D3-BF4B-00C04F79EFBC}") = "Dubi906w.InkCanvasReborn", "Dubi906w.InkCanvasReborn.csproj", "{91CFA158-878D-4A45-9A42-3CC698BF656D}"
EndProject
Global
	GlobalSection(SolutionConfigurationPlatforms) = preSolution
		Debug|Any CPU = Debug|Any CPU
		Release|Any CPU = Release|Any CPU
	EndGlobalSection
	GlobalSection(ProjectConfigurationPlatforms) = postSolution
		{91CFA158-878D-4A45-9A42-3CC698BF656D}.Debug|Any CPU.ActiveCfg = Debug|Any CPU
		{91CFA158-878D-4A45-9A42-3CC698BF656D}.Debug|Any CPU.Build.0 = Debug|Any CPU
		{91CFA158-878D-4A45-9A42-3CC698BF656D}.Release|Any CPU.ActiveCfg = Release|Any CPU
		{91CFA158-878D-4A45-9A42-3CC698BF656D}.Release|Any CPU.Build.0 = Release|Any CPU
	EndGlobalSection
	GlobalSection(SolutionProperties) = preSolution
		HideSolutionNode = FALSE
	EndGlobalSection
	GlobalSection(ExtensibilityGlobals) = postSolution
		SolutionGuid = {37E4A65D-F680-4091-898C-24D097E19E86}
	EndGlobalSection
EndGlobal
